{
  "name": "youtube-ad-skip",
  "lockfileVersion": 2,
  "requires": true,
  "packages": {
    "": {
      "dependencies": {
        "chrome-types": "^0.1.218",
        "dotenv": "^16.3.1"
      }
    },
    "node_modules/chrome-types": {
      "version": "0.1.218",
      "resolved": "https://registry.npmjs.org/chrome-types/-/chrome-types-0.1.218.tgz",
      "integrity": "sha512-ILmEI1Q3AWrul4a00R8KI5Rq25KWuwAPJ32LiXrCRC68Rk9kAyBerEobb1QIQFEE+snX0RXvlzGV5xxfzY+GVQ=="
    },
    "node_modules/dotenv": {
      "version": "16.3.1",
      "resolved": "https://registry.npmjs.org/dotenv/-/dotenv-16.3.1.tgz",
      "integrity": "sha512-IPzF4w4/Rd94bA9imS68tZBaYyBWSCE47V1RGuMrB94iyTOIEwRmVL2x/4An+6mETpLrKJ5hQkB8W4kFAadeIQ==",
      "engines": {
        "node": ">=12"
      },
      "funding": {
        "url": "https://github.com/motdotla/dotenv?sponsor=1"
      }
    }
  },
  "dependencies": {
    "chrome-types": {
      "version": "0.1.218",
      "resolved": "https://registry.npmjs.org/chrome-types/-/chrome-types-0.1.218.tgz",
      "integrity": "sha512-ILmEI1Q3AWrul4a00R8KI5Rq25KWuwAPJ32LiXrCRC68Rk9kAyBerEobb1QIQFEE+snX0RXvlzGV5xxfzY+GVQ=="
    },
    "dotenv": {
      "version": "16.3.1",
      "resolved": "https://registry.npmjs.org/dotenv/-/dotenv-16.3.1.tgz",
      "integrity": "sha512-IPzF4w4/Rd94bA9imS68tZBaYyBWSCE47V1RGuMrB94iyTOIEwRmVL2x/4An+6mETpLrKJ5hQkB8W4kFAadeIQ=="
    }
  }
}
